
Microsoft Visual Studio Solution File, Format Version 12.00
# Visual Studio Version 17
VisualStudioVersion = 17.8.34525.116
MinimumVisualStudioVersion = 10.0.40219.1
Project("{9A19103F-16F7-4668-BE54-9A1E7A4F7556}") = "1x0-diziler", "1x0-diziler\1x0-diziler.csproj", "{DD818640-5B8B-4A8D-B57B-AD04AB61D2B0}"
EndProject
Project("{9A19103F-16F7-4668-BE54-9A1E7A4F7556}") = "1x1-refReturn-refLocal", "1x1-refReturn-refLocal\1x1-refReturn-refLocal.csproj", "{C3271337-214B-4E76-BD5D-04373BB652AF}"
EndProject
Project("{9A19103F-16F7-4668-BE54-9A1E7A4F7556}") = "1x2-operator-overloading", "1x2-operator-overloading\1x2-operator-overloading.csproj", "{BC473F4A-8AC0-477A-B2E6-C53339A5C690}"
EndProject
Project("{9A19103F-16F7-4668-BE54-9A1E7A4F7556}") = "1x3-implict_explicit-operators-overloading", "1x3-implict_explicit-operators-overloading\1x3-implict_explicit-operators-overloading.csproj", "{113A6217-11E2-4E23-B40A-36C0EA2C797A}"
EndProject
Project("{9A19103F-16F7-4668-BE54-9A1E7A4F7556}") = "1x4-exceptionhandling", "1x4-exceptionhandling\1x4-exceptionhandling.csproj", "{0A5BBDBF-511D-4423-A9CA-01ED6635CC8E}"
EndProject
Project("{9A19103F-16F7-4668-BE54-9A1E7A4F7556}") = "1x5-dinamik-nesne-uretimi", "1x5-dinamik-nesne-uretimi\1x5-dinamik-nesne-uretimi.csproj", "{773676B0-E231-4344-B957-A6250C13693A}"
EndProject
Project("{9A19103F-16F7-4668-BE54-9A1E7A4F7556}") = "1x6-derinlemesine-generic-yapilar", "1x6-derinlemesine-generic-yapilar\1x6-derinlemesine-generic-yapilar.csproj", "{FA14E2A8-9329-46A7-8D8D-9502B2D8DD2F}"
EndProject
Project("{9A19103F-16F7-4668-BE54-9A1E7A4F7556}") = "1x7-covariance-ve-contravariance", "1x7-covariance-ve-contravariance\1x7-covariance-ve-contravariance.csproj", "{C6BAB013-DA01-41FB-A724-ADBDE2E23AC6}"
EndProject
Project("{9A19103F-16F7-4668-BE54-9A1E7A4F7556}") = "1x8-Delegates", "1x8-Delegates\1x8-Delegates.csproj", "{11903AA1-8D38-40B3-8C39-2024A06F2764}"
EndProject
Project("{FAE04EC0-301F-11D3-BF4B-00C04F79EFBC}") = "1x9-Events", "1x9-Events\1x9-Events.csproj", "{C044D9B0-FBB6-4AA8-A004-8D380DF928CE}"
EndProject
Project("{FAE04EC0-301F-11D3-BF4B-00C04F79EFBC}") = "1x10-ActionFuncPredicate", "1x10-ActionFuncPredicate\1x10-ActionFuncPredicate.csproj", "{76F64C15-9CC6-42F4-BC7F-DF8D479CC0E4}"
EndProject
Project("{FAE04EC0-301F-11D3-BF4B-00C04F79EFBC}") = "1x11-anonymousStructres", "1x11-anonymousStructres\1x11-anonymousStructres.csproj", "{747C58FD-0CFE-493D-BE11-17F5F433313D}"
EndProject
Project("{FAE04EC0-301F-11D3-BF4B-00C04F79EFBC}") = "1x12-expandoObject", "1x12-expandoObject\1x12-expandoObject.csproj", "{8DC6B454-7E80-46D4-9618-86B4C2E9318A}"
EndProject
Project("{FAE04EC0-301F-11D3-BF4B-00C04F79EFBC}") = "2x1-ozelTanimlanmisIntefaceler", "2x1-ozelTanimlanmisIntefaceler\2x1-ozelTanimlanmisIntefaceler.csproj", "{80314B0B-C3D5-462C-84E1-5D94102C1482}"
EndProject
Global
	GlobalSection(SolutionConfigurationPlatforms) = preSolution
		Debug|Any CPU = Debug|Any CPU
		Release|Any CPU = Release|Any CPU
	EndGlobalSection
	GlobalSection(ProjectConfigurationPlatforms) = postSolution
		{DD818640-5B8B-4A8D-B57B-AD04AB61D2B0}.Debug|Any CPU.ActiveCfg = Debug|Any CPU
		{DD818640-5B8B-4A8D-B57B-AD04AB61D2B0}.Debug|Any CPU.Build.0 = Debug|Any CPU
		{DD818640-5B8B-4A8D-B57B-AD04AB61D2B0}.Release|Any CPU.ActiveCfg = Release|Any CPU
		{DD818640-5B8B-4A8D-B57B-AD04AB61D2B0}.Release|Any CPU.Build.0 = Release|Any CPU
		{C3271337-214B-4E76-BD5D-04373BB652AF}.Debug|Any CPU.ActiveCfg = Debug|Any CPU
		{C3271337-214B-4E76-BD5D-04373BB652AF}.Debug|Any CPU.Build.0 = Debug|Any CPU
		{C3271337-214B-4E76-BD5D-04373BB652AF}.Release|Any CPU.ActiveCfg = Release|Any CPU
		{C3271337-214B-4E76-BD5D-04373BB652AF}.Release|Any CPU.Build.0 = Release|Any CPU
		{BC473F4A-8AC0-477A-B2E6-C53339A5C690}.Debug|Any CPU.ActiveCfg = Debug|Any CPU
		{BC473F4A-8AC0-477A-B2E6-C53339A5C690}.Debug|Any CPU.Build.0 = Debug|Any CPU
		{BC473F4A-8AC0-477A-B2E6-C53339A5C690}.Release|Any CPU.ActiveCfg = Release|Any CPU
		{BC473F4A-8AC0-477A-B2E6-C53339A5C690}.Release|Any CPU.Build.0 = Release|Any CPU
		{113A6217-11E2-4E23-B40A-36C0EA2C797A}.Debug|Any CPU.ActiveCfg = Debug|Any CPU
		{113A6217-11E2-4E23-B40A-36C0EA2C797A}.Debug|Any CPU.Build.0 = Debug|Any CPU
		{113A6217-11E2-4E23-B40A-36C0EA2C797A}.Release|Any CPU.ActiveCfg = Release|Any CPU
		{113A6217-11E2-4E23-B40A-36C0EA2C797A}.Release|Any CPU.Build.0 = Release|Any CPU
		{0A5BBDBF-511D-4423-A9CA-01ED6635CC8E}.Debug|Any CPU.ActiveCfg = Debug|Any CPU
		{0A5BBDBF-511D-4423-A9CA-01ED6635CC8E}.Debug|Any CPU.Build.0 = Debug|Any CPU
		{0A5BBDBF-511D-4423-A9CA-01ED6635CC8E}.Release|Any CPU.ActiveCfg = Release|Any CPU
		{0A5BBDBF-511D-4423-A9CA-01ED6635CC8E}.Release|Any CPU.Build.0 = Release|Any CPU
		{773676B0-E231-4344-B957-A6250C13693A}.Debug|Any CPU.ActiveCfg = Debug|Any CPU
		{773676B0-E231-4344-B957-A6250C13693A}.Debug|Any CPU.Build.0 = Debug|Any CPU
		{773676B0-E231-4344-B957-A6250C13693A}.Release|Any CPU.ActiveCfg = Release|Any CPU
		{773676B0-E231-4344-B957-A6250C13693A}.Release|Any CPU.Build.0 = Release|Any CPU
		{FA14E2A8-9329-46A7-8D8D-9502B2D8DD2F}.Debug|Any CPU.ActiveCfg = Debug|Any CPU
		{FA14E2A8-9329-46A7-8D8D-9502B2D8DD2F}.Debug|Any CPU.Build.0 = Debug|Any CPU
		{FA14E2A8-9329-46A7-8D8D-9502B2D8DD2F}.Release|Any CPU.ActiveCfg = Release|Any CPU
		{FA14E2A8-9329-46A7-8D8D-9502B2D8DD2F}.Release|Any CPU.Build.0 = Release|Any CPU
		{C6BAB013-DA01-41FB-A724-ADBDE2E23AC6}.Debug|Any CPU.ActiveCfg = Debug|Any CPU
		{C6BAB013-DA01-41FB-A724-ADBDE2E23AC6}.Debug|Any CPU.Build.0 = Debug|Any CPU
		{C6BAB013-DA01-41FB-A724-ADBDE2E23AC6}.Release|Any CPU.ActiveCfg = Release|Any CPU
		{C6BAB013-DA01-41FB-A724-ADBDE2E23AC6}.Release|Any CPU.Build.0 = Release|Any CPU
		{11903AA1-8D38-40B3-8C39-2024A06F2764}.Debug|Any CPU.ActiveCfg = Debug|Any CPU
		{11903AA1-8D38-40B3-8C39-2024A06F2764}.Debug|Any CPU.Build.0 = Debug|Any CPU
		{11903AA1-8D38-40B3-8C39-2024A06F2764}.Release|Any CPU.ActiveCfg = Release|Any CPU
		{11903AA1-8D38-40B3-8C39-2024A06F2764}.Release|Any CPU.Build.0 = Release|Any CPU
		{C044D9B0-FBB6-4AA8-A004-8D380DF928CE}.Debug|Any CPU.ActiveCfg = Debug|Any CPU
		{C044D9B0-FBB6-4AA8-A004-8D380DF928CE}.Debug|Any CPU.Build.0 = Debug|Any CPU
		{C044D9B0-FBB6-4AA8-A004-8D380DF928CE}.Release|Any CPU.ActiveCfg = Release|Any CPU
		{C044D9B0-FBB6-4AA8-A004-8D380DF928CE}.Release|Any CPU.Build.0 = Release|Any CPU
		{76F64C15-9CC6-42F4-BC7F-DF8D479CC0E4}.Debug|Any CPU.ActiveCfg = Debug|Any CPU
		{76F64C15-9CC6-42F4-BC7F-DF8D479CC0E4}.Debug|Any CPU.Build.0 = Debug|Any CPU
		{76F64C15-9CC6-42F4-BC7F-DF8D479CC0E4}.Release|Any CPU.ActiveCfg = Release|Any CPU
		{76F64C15-9CC6-42F4-BC7F-DF8D479CC0E4}.Release|Any CPU.Build.0 = Release|Any CPU
		{747C58FD-0CFE-493D-BE11-17F5F433313D}.Debug|Any CPU.ActiveCfg = Debug|Any CPU
		{747C58FD-0CFE-493D-BE11-17F5F433313D}.Debug|Any CPU.Build.0 = Debug|Any CPU
		{747C58FD-0CFE-493D-BE11-17F5F433313D}.Release|Any CPU.ActiveCfg = Release|Any CPU
		{747C58FD-0CFE-493D-BE11-17F5F433313D}.Release|Any CPU.Build.0 = Release|Any CPU
		{8DC6B454-7E80-46D4-9618-86B4C2E9318A}.Debug|Any CPU.ActiveCfg = Debug|Any CPU
		{8DC6B454-7E80-46D4-9618-86B4C2E9318A}.Debug|Any CPU.Build.0 = Debug|Any CPU
		{8DC6B454-7E80-46D4-9618-86B4C2E9318A}.Release|Any CPU.ActiveCfg = Release|Any CPU
		{8DC6B454-7E80-46D4-9618-86B4C2E9318A}.Release|Any CPU.Build.0 = Release|Any CPU
		{80314B0B-C3D5-462C-84E1-5D94102C1482}.Debug|Any CPU.ActiveCfg = Debug|Any CPU
		{80314B0B-C3D5-462C-84E1-5D94102C1482}.Debug|Any CPU.Build.0 = Debug|Any CPU
		{80314B0B-C3D5-462C-84E1-5D94102C1482}.Release|Any CPU.ActiveCfg = Release|Any CPU
		{80314B0B-C3D5-462C-84E1-5D94102C1482}.Release|Any CPU.Build.0 = Release|Any CPU
	EndGlobalSection
	GlobalSection(SolutionProperties) = preSolution
		HideSolutionNode = FALSE
	EndGlobalSection
	GlobalSection(ExtensibilityGlobals) = postSolution
		SolutionGuid = {9E71069D-5646-48E6-B513-B68A52B0933A}
	EndGlobalSection
EndGlobal
